
Microsoft Visual Studio Solution File, Format Version 12.00
# Visual Studio Version 17
VisualStudioVersion = 17.1.32228.430
MinimumVisualStudioVersion = 10.0.40219.1
Project("{FAE04EC0-301F-11D3-BF4B-00C04F79EFBC}") = "PjtVEntaHeredada", "PjtVEntaHeredada\PjtVEntaHeredada.csproj", "{BA7D9079-5946-40F8-9352-A3A38B994990}"
EndProject
Project("{FAE04EC0-301F-11D3-BF4B-00C04F79EFBC}") = "Modelo", "Modelo\Modelo.csproj", "{B7E73D9A-2A7D-47A3-B48B-8560BF4554B1}"
EndProject
Global
	GlobalSection(SolutionConfigurationPlatforms) = preSolution
		Debug|Any CPU = Debug|Any CPU
		Release|Any CPU = Release|Any CPU
	EndGlobalSection
	GlobalSection(ProjectConfigurationPlatforms) = postSolution
		{BA7D9079-5946-40F8-9352-A3A38B994990}.Debug|Any CPU.ActiveCfg = Debug|Any CPU
		{BA7D9079-5946-40F8-9352-A3A38B994990}.Debug|Any CPU.Build.0 = Debug|Any CPU
		{BA7D9079-5946-40F8-9352-A3A38B994990}.Release|Any CPU.ActiveCfg = Release|Any CPU
		{BA7D9079-5946-40F8-9352-A3A38B994990}.Release|Any CPU.Build.0 = Release|Any CPU
		{B7E73D9A-2A7D-47A3-B48B-8560BF4554B1}.Debug|Any CPU.ActiveCfg = Debug|Any CPU
		{B7E73D9A-2A7D-47A3-B48B-8560BF4554B1}.Debug|Any CPU.Build.0 = Debug|Any CPU
		{B7E73D9A-2A7D-47A3-B48B-8560BF4554B1}.Release|Any CPU.ActiveCfg = Release|Any CPU
		{B7E73D9A-2A7D-47A3-B48B-8560BF4554B1}.Release|Any CPU.Build.0 = Release|Any CPU
	EndGlobalSection
	GlobalSection(SolutionProperties) = preSolution
		HideSolutionNode = FALSE
	EndGlobalSection
	GlobalSection(ExtensibilityGlobals) = postSolution
		SolutionGuid = {B0384406-1039-4694-A495-50A94EF83DA9}
	EndGlobalSection
EndGlobal
